# @generated - this file is auto-generated by `mise lock` https://mise.en.dev/dev-tools/mise-lock.html

[[tools."github:jaegertracing/jaeger"]]
version = "2.20.0"
backend = "github:jaegertracing/jaeger"

[tools."github:jaegertracing/jaeger"."platforms.linux-arm64"]
checksum = "sha256:582261d2d8e46721246f5f8072dca7f6762355b248e0dc493bb85990e6226952"
url = "https://github.com/jaegertracing/jaeger/releases/download/v2.20.0/jaeger-2.20.0-linux-arm64.tar.gz"
url_api = "https://api.github.com/repos/jaegertracing/jaeger/releases/assets/483025884"

[tools."github:jaegertracing/jaeger"."platforms.linux-arm64-musl"]
checksum = "sha256:582261d2d8e46721246f5f8072dca7f6762355b248e0dc493bb85990e6226952"
url = "https://github.com/jaegertracing/jaeger/releases/download/v2.20.0/jaeger-2.20.0-linux-arm64.tar.gz"
url_api = "https://api.github.com/repos/jaegertracing/jaeger/releases/assets/483025884"

[tools."github:jaegertracing/jaeger"."platforms.linux-x64"]
checksum = "sha256:c967368ba09be356089ef7e8aab2a76d170dc007ff6ccf7925c8167ede2900d7"
url = "https://github.com/jaegertracing/jaeger/releases/download/v2.20.0/jaeger-2.20.0-linux-amd64.tar.gz"
url_api = "https://api.github.com/repos/jaegertracing/jaeger/releases/assets/483025920"

[tools."github:jaegertracing/jaeger"."platforms.linux-x64-musl"]
checksum = "sha256:c967368ba09be356089ef7e8aab2a76d170dc007ff6ccf7925c8167ede2900d7"
url = "https://github.com/jaegertracing/jaeger/releases/download/v2.20.0/jaeger-2.20.0-linux-amd64.tar.gz"
url_api = "https://api.github.com/repos/jaegertracing/jaeger/releases/assets/483025920"

[tools."github:jaegertracing/jaeger"."platforms.macos-arm64"]
checksum = "sha256:b2d21051b27f06535c288dd63e15a42d5aae653d0113695014d7e6b502736e5d"
url = "https://github.com/jaegertracing/jaeger/releases/download/v2.20.0/jaeger-2.20.0-darwin-arm64.tar.gz"
url_api = "https://api.github.com/repos/jaegertracing/jaeger/releases/assets/483025956"

[tools."github:jaegertracing/jaeger"."platforms.macos-x64"]
checksum = "sha256:24e801aa6a5a83b8469745fc1e6ede9d78bca89bd3be3b6748e0965ad1b4371f"
url = "https://github.com/jaegertracing/jaeger/releases/download/v2.20.0/jaeger-2.20.0-darwin-amd64.tar.gz"
url_api = "https://api.github.com/repos/jaegertracing/jaeger/releases/assets/483025995"

[tools."github:jaegertracing/jaeger"."platforms.windows-x64"]
checksum = "sha256:b36b2cc2a4ed654679048fa6dee511b2a59d310805ff247eabef6fc499b29505"
url = "https://github.com/jaegertracing/jaeger/releases/download/v2.20.0/jaeger-2.20.0-windows-amd64.zip"
url_api = "https://api.github.com/repos/jaegertracing/jaeger/releases/assets/483025657"
