# @generated - this file is auto-generated by `mise lock` https://mise.en.dev/dev-tools/mise-lock.html

[[tools."github:jaegertracing/jaeger"]]
version = "2.19.0"
backend = "github:jaegertracing/jaeger"

[tools."github:jaegertracing/jaeger"."platforms.linux-arm64"]
checksum = "sha256:df2b3771adaf29ec6f3385bd50f721aa7febef303f016d2645cc0e58c262db38"
url = "https://github.com/jaegertracing/jaeger/releases/download/v2.19.0/jaeger-2.19.0-linux-arm64.tar.gz"
url_api = "https://api.github.com/repos/jaegertracing/jaeger/releases/assets/437384536"

[tools."github:jaegertracing/jaeger"."platforms.linux-arm64-musl"]
checksum = "sha256:df2b3771adaf29ec6f3385bd50f721aa7febef303f016d2645cc0e58c262db38"
url = "https://github.com/jaegertracing/jaeger/releases/download/v2.19.0/jaeger-2.19.0-linux-arm64.tar.gz"
url_api = "https://api.github.com/repos/jaegertracing/jaeger/releases/assets/437384536"

[tools."github:jaegertracing/jaeger"."platforms.linux-x64"]
checksum = "sha256:26c965b1ae08a7888ed60b2deba9d899859e033df0e05075ebbd06653013d72a"
url = "https://github.com/jaegertracing/jaeger/releases/download/v2.19.0/jaeger-2.19.0-linux-amd64.tar.gz"
url_api = "https://api.github.com/repos/jaegertracing/jaeger/releases/assets/437384630"

[tools."github:jaegertracing/jaeger"."platforms.linux-x64-musl"]
checksum = "sha256:26c965b1ae08a7888ed60b2deba9d899859e033df0e05075ebbd06653013d72a"
url = "https://github.com/jaegertracing/jaeger/releases/download/v2.19.0/jaeger-2.19.0-linux-amd64.tar.gz"
url_api = "https://api.github.com/repos/jaegertracing/jaeger/releases/assets/437384630"

[tools."github:jaegertracing/jaeger"."platforms.macos-arm64"]
checksum = "sha256:1237a19ada25b2798035d256c3fcc616231c799baa9aaf5505595053552d8ef2"
url = "https://github.com/jaegertracing/jaeger/releases/download/v2.19.0/jaeger-2.19.0-darwin-arm64.tar.gz"
url_api = "https://api.github.com/repos/jaegertracing/jaeger/releases/assets/437384748"

[tools."github:jaegertracing/jaeger"."platforms.macos-x64"]
checksum = "sha256:e6a265756e749ae999a52c39f3f1daee2fe214bff965d0864373e8d81537c79c"
url = "https://github.com/jaegertracing/jaeger/releases/download/v2.19.0/jaeger-2.19.0-darwin-amd64.tar.gz"
url_api = "https://api.github.com/repos/jaegertracing/jaeger/releases/assets/437384837"

[tools."github:jaegertracing/jaeger"."platforms.windows-x64"]
checksum = "sha256:15060ada01a3ed481997d715c8c5f1224df01675d1e740ec6ad8daca198b46dc"
url = "https://github.com/jaegertracing/jaeger/releases/download/v2.19.0/jaeger-2.19.0-windows-amd64.zip"
url_api = "https://api.github.com/repos/jaegertracing/jaeger/releases/assets/437384172"
