# @generated - this file is auto-generated by `mise lock` https://mise.en.dev/dev-tools/mise-lock.html

[[tools."github:jaegertracing/jaeger"]]
version = "2.21.0"
backend = "github:jaegertracing/jaeger"

[tools."github:jaegertracing/jaeger"."platforms.linux-arm64"]
checksum = "sha256:fcb3cd7a9a389388b2a7ebf9110cc1bf3ebc860cc4eaa23d2289d40a584c4683"
url = "https://github.com/jaegertracing/jaeger/releases/download/v2.21.0/jaeger-2.21.0-linux-arm64.tar.gz"
url_api = "https://api.github.com/repos/jaegertracing/jaeger/releases/assets/564861906"

[tools."github:jaegertracing/jaeger"."platforms.linux-arm64-musl"]
checksum = "sha256:fcb3cd7a9a389388b2a7ebf9110cc1bf3ebc860cc4eaa23d2289d40a584c4683"
url = "https://github.com/jaegertracing/jaeger/releases/download/v2.21.0/jaeger-2.21.0-linux-arm64.tar.gz"
url_api = "https://api.github.com/repos/jaegertracing/jaeger/releases/assets/564861906"

[tools."github:jaegertracing/jaeger"."platforms.linux-x64"]
checksum = "sha256:f5741318ea2c3a2e64a1e1fffafcd1b03872ed0783ec5e7675fb6c686bfc7a5a"
url = "https://github.com/jaegertracing/jaeger/releases/download/v2.21.0/jaeger-2.21.0-linux-amd64.tar.gz"
url_api = "https://api.github.com/repos/jaegertracing/jaeger/releases/assets/564862096"

[tools."github:jaegertracing/jaeger"."platforms.linux-x64-musl"]
checksum = "sha256:f5741318ea2c3a2e64a1e1fffafcd1b03872ed0783ec5e7675fb6c686bfc7a5a"
url = "https://github.com/jaegertracing/jaeger/releases/download/v2.21.0/jaeger-2.21.0-linux-amd64.tar.gz"
url_api = "https://api.github.com/repos/jaegertracing/jaeger/releases/assets/564862096"

[tools."github:jaegertracing/jaeger"."platforms.macos-arm64"]
checksum = "sha256:7ad09b867ea48acbf0b057faf1914c744c7012b3b10b9f2a6f1558656ec82549"
url = "https://github.com/jaegertracing/jaeger/releases/download/v2.21.0/jaeger-2.21.0-darwin-arm64.tar.gz"
url_api = "https://api.github.com/repos/jaegertracing/jaeger/releases/assets/564862347"

[tools."github:jaegertracing/jaeger"."platforms.macos-x64"]
checksum = "sha256:6d87280e10897cf64efd5a5c703f5c82f6911c2a343a371161cf66ba6a59ba6b"
url = "https://github.com/jaegertracing/jaeger/releases/download/v2.21.0/jaeger-2.21.0-darwin-amd64.tar.gz"
url_api = "https://api.github.com/repos/jaegertracing/jaeger/releases/assets/564862550"

[tools."github:jaegertracing/jaeger"."platforms.windows-x64"]
checksum = "sha256:197c4b42aba6983b3d9cbca3577a0e14191bcb9431fde1b6661471b6fece39fc"
url = "https://github.com/jaegertracing/jaeger/releases/download/v2.21.0/jaeger-2.21.0-windows-amd64.zip"
url_api = "https://api.github.com/repos/jaegertracing/jaeger/releases/assets/564860569"
